
Microsoft Visual Studio Solution File, Format Version 12.00
# Visual Studio Version 17
VisualStudioVersion = 17.13.35931.197 d17.13
MinimumVisualStudioVersion = 10.0.40219.1
Project("{FAE04EC0-301F-11D3-BF4B-00C04F79EFBC}") = "My_First_Win_Forms_Project", "My_First_Win_Forms_Project.csproj", "{C7F5A113-A2FA-44E9-B8D6-889CB6191A0C}"
EndProject
Global
	GlobalSection(SolutionConfigurationPlatforms) = preSolution
		Debug|Any CPU = Debug|Any CPU
		Release|Any CPU = Release|Any CPU
	EndGlobalSection
	GlobalSection(ProjectConfigurationPlatforms) = postSolution
		{C7F5A113-A2FA-44E9-B8D6-889CB6191A0C}.Debug|Any CPU.ActiveCfg = Debug|Any CPU
		{C7F5A113-A2FA-44E9-B8D6-889CB6191A0C}.Debug|Any CPU.Build.0 = Debug|Any CPU
		{C7F5A113-A2FA-44E9-B8D6-889CB6191A0C}.Release|Any CPU.ActiveCfg = Release|Any CPU
		{C7F5A113-A2FA-44E9-B8D6-889CB6191A0C}.Release|Any CPU.Build.0 = Release|Any CPU
	EndGlobalSection
	GlobalSection(SolutionProperties) = preSolution
		HideSolutionNode = FALSE
	EndGlobalSection
	GlobalSection(ExtensibilityGlobals) = postSolution
		SolutionGuid = {E866CCA8-287D-4C96-9018-2F9CFEF6F35C}
	EndGlobalSection
EndGlobal
